// !$*UTF8*$!
{
	archiveVersion = 1;
	classes = {
	};
	objectVersion = 55;
	objects = {

/* Begin PBXBuildFile section */
		193891DF2801F9B0003268D5 /* FollowingCell.swift in Sources */ = {isa = PBXBuildFile; fileRef = 193891DE2801F9B0003268D5 /* FollowingCell.swift */; };
		195BADF527FA449900319333 /* PostCell.swift in Sources */ = {isa = PBXBuildFile; fileRef = 195BADF427FA449900319333 /* PostCell.swift */; };
		197EC283280A0B3B00849789 /* UserPostScreen.storyboard in Resources */ = {isa = PBXBuildFile; fileRef = 197EC282280A0B3B00849789 /* UserPostScreen.storyboard */; };
		197EC287280A0DB500849789 /* UserPostViewController.swift in Sources */ = {isa = PBXBuildFile; fileRef = 197EC286280A0DB500849789 /* UserPostViewController.swift */; };
		197EC289280A15AA00849789 /* PastCell.swift in Sources */ = {isa = PBXBuildFile; fileRef = 197EC288280A15AA00849789 /* PastCell.swift */; };
		19A9A16827FD0EFE00B3121D /* FollowerViewController.swift in Sources */ = {isa = PBXBuildFile; fileRef = 19A9A16727FD0EFE00B3121D /* FollowerViewController.swift */; };
		19A9A16A27FD0F3900B3121D /* FollowingViewController.swift in Sources */ = {isa = PBXBuildFile; fileRef = 19A9A16927FD0F3900B3121D /* FollowingViewController.swift */; };
		19A9A16C27FD0FA300B3121D /* SearchViewController.swift in Sources */ = {isa = PBXBuildFile; fileRef = 19A9A16B27FD0FA300B3121D /* SearchViewController.swift */; };
		19A9A16E27FD1CDF00B3121D /* FollowerCell.swift in Sources */ = {isa = PBXBuildFile; fileRef = 19A9A16D27FD1CDF00B3121D /* FollowerCell.swift */; };
		19D8473D27F10636009E7C85 /* SignUpViewController.swift in Sources */ = {isa = PBXBuildFile; fileRef = 19D8473C27F10636009E7C85 /* SignUpViewController.swift */; };
		19EEC50C27EFA61A00814990 /* LoginViewController.swift in Sources */ = {isa = PBXBuildFile; fileRef = 19EEC50B27EFA61A00814990 /* LoginViewController.swift */; };
		452DC1E027EF8FC1009EDD7B /* UsernameScreen.storyboard in Resources */ = {isa = PBXBuildFile; fileRef = 452DC1DF27EF8FC1009EDD7B /* UsernameScreen.storyboard */; };
		452DC1E227EF9064009EDD7B /* PasswordScreen.storyboard in Resources */ = {isa = PBXBuildFile; fileRef = 452DC1E127EF9064009EDD7B /* PasswordScreen.storyboard */; };
		452DC1E427EF9079009EDD7B /* DeactivateScreen.storyboard in Resources */ = {isa = PBXBuildFile; fileRef = 452DC1E327EF9079009EDD7B /* DeactivateScreen.storyboard */; };
		452DC1E627EF908B009EDD7B /* FollowerScreen.storyboard in Resources */ = {isa = PBXBuildFile; fileRef = 452DC1E527EF908B009EDD7B /* FollowerScreen.storyboard */; };
		452DC1E827EF909E009EDD7B /* FollowingScreen.storyboard in Resources */ = {isa = PBXBuildFile; fileRef = 452DC1E727EF909E009EDD7B /* FollowingScreen.storyboard */; };
		452DC1EA27EFA1AC009EDD7B /* SearchScreen.storyboard in Resources */ = {isa = PBXBuildFile; fileRef = 452DC1E927EFA1AC009EDD7B /* SearchScreen.storyboard */; };
		453ADD7227F52AB2003077FB /* UsernameViewController.swift in Sources */ = {isa = PBXBuildFile; fileRef = 453ADD7127F52AB2003077FB /* UsernameViewController.swift */; };
		453ADD7427F52AC2003077FB /* PasswordViewController.swift in Sources */ = {isa = PBXBuildFile; fileRef = 453ADD7327F52AC2003077FB /* PasswordViewController.swift */; };
		453ADD7627F52AD3003077FB /* DeactivateViewController.swift in Sources */ = {isa = PBXBuildFile; fileRef = 453ADD7527F52AD3003077FB /* DeactivateViewController.swift */; };
		453ADD7827F52EAE003077FB /* NewPostViewController.swift in Sources */ = {isa = PBXBuildFile; fileRef = 453ADD7727F52EAE003077FB /* NewPostViewController.swift */; };
		456D227B27EF8976001B94A2 /* AppDelegate.swift in Sources */ = {isa = PBXBuildFile; fileRef = 456D227A27EF8976001B94A2 /* AppDelegate.swift */; };
		456D227D27EF8976001B94A2 /* SceneDelegate.swift in Sources */ = {isa = PBXBuildFile; fileRef = 456D227C27EF8976001B94A2 /* SceneDelegate.swift */; };
		456D228227EF8976001B94A2 /* Main.storyboard in Resources */ = {isa = PBXBuildFile; fileRef = 456D228027EF8976001B94A2 /* Main.storyboard */; };
		456D228427EF8977001B94A2 /* Assets.xcassets in Resources */ = {isa = PBXBuildFile; fileRef = 456D228327EF8977001B94A2 /* Assets.xcassets */; };
		456D228727EF8977001B94A2 /* LaunchScreen.storyboard in Resources */ = {isa = PBXBuildFile; fileRef = 456D228527EF8977001B94A2 /* LaunchScreen.storyboard */; };
		456D229227EF8978001B94A2 /* MoHoeMoodsTests.swift in Sources */ = {isa = PBXBuildFile; fileRef = 456D229127EF8978001B94A2 /* MoHoeMoodsTests.swift */; };
		456D229C27EF8978001B94A2 /* MoHoeMoodsUITests.swift in Sources */ = {isa = PBXBuildFile; fileRef = 456D229B27EF8978001B94A2 /* MoHoeMoodsUITests.swift */; };
		456D229E27EF8978001B94A2 /* MoHoeMoodsUITestsLaunchTests.swift in Sources */ = {isa = PBXBuildFile; fileRef = 456D229D27EF8978001B94A2 /* MoHoeMoodsUITestsLaunchTests.swift */; };
		456D22AB27EF89B2001B94A2 /* FeedScreen.storyboard in Resources */ = {isa = PBXBuildFile; fileRef = 456D22AA27EF89B2001B94A2 /* FeedScreen.storyboard */; };
		456D22AD27EF89D3001B94A2 /* AccountScreen.storyboard in Resources */ = {isa = PBXBuildFile; fileRef = 456D22AC27EF89D3001B94A2 /* AccountScreen.storyboard */; };
		456D22AF27EF8A7B001B94A2 /* SignUpScreen.storyboard in Resources */ = {isa = PBXBuildFile; fileRef = 456D22AE27EF8A7B001B94A2 /* SignUpScreen.storyboard */; };
		45DD35322801F93C00903D2E /* CommentCellTableViewCell.swift in Sources */ = {isa = PBXBuildFile; fileRef = 45DD35312801F93C00903D2E /* CommentCellTableViewCell.swift */; };
		45E070D528038932005E1219 /* 13331-emotions.json in Resources */ = {isa = PBXBuildFile; fileRef = 45E070D428038932005E1219 /* 13331-emotions.json */; };
		45E66B4527F10F1C00D1C42A /* FeedViewController.swift in Sources */ = {isa = PBXBuildFile; fileRef = 45E66B4427F10F1C00D1C42A /* FeedViewController.swift */; };
		45E66B4727F10F2C00D1C42A /* AccountViewController.swift in Sources */ = {isa = PBXBuildFile; fileRef = 45E66B4627F10F2C00D1C42A /* AccountViewController.swift */; };
		76EC1A745246B2E038D6188A /* Pods_MoHoeMoods_MoHoeMoodsUITests.framework in Frameworks */ = {isa = PBXBuildFile; fileRef = CE74369FE128AE558202C9F8 /* Pods_MoHoeMoods_MoHoeMoodsUITests.framework */; };
		78564F11CDAFAC42AC6710B4 /* Pods_MoHoeMoods.framework in Frameworks */ = {isa = PBXBuildFile; fileRef = 8CE0D5DC4CF38B21413A53F7 /* Pods_MoHoeMoods.framework */; };
		792C70B405EBD3C6D3C2014C /* Pods_MoHoeMoodsTests.framework in Frameworks */ = {isa = PBXBuildFile; fileRef = 73015CBE9ECA712F8C82FBF7 /* Pods_MoHoeMoodsTests.framework */; };
/* End PBXBuildFile section */

/* Begin PBXContainerItemProxy section */
		456D228E27EF8978001B94A2 /* PBXContainerItemProxy */ = {
			isa = PBXContainerItemProxy;
			containerPortal = 456D226F27EF8976001B94A2 /* Project object */;
			proxyType = 1;
			remoteGlobalIDString = 456D227627EF8976001B94A2;
			remoteInfo = MoHoeMoods;
		};
		456D229827EF8978001B94A2 /* PBXContainerItemProxy */ = {
			isa = PBXContainerItemProxy;
			containerPortal = 456D226F27EF8976001B94A2 /* Project object */;
			proxyType = 1;
			remoteGlobalIDString = 456D227627EF8976001B94A2;
			remoteInfo = MoHoeMoods;
		};
/* End PBXContainerItemProxy section */

/* Begin PBXFileReference section */
		0B3259978F135084AEA56084 /* Pods-MoHoeMoods.release.xcconfig */ = {isa = PBXFileReference; includeInIndex = 1; lastKnownFileType = text.xcconfig; name = "Pods-MoHoeMoods.release.xcconfig"; path = "Target Support Files/Pods-MoHoeMoods/Pods-MoHoeMoods.release.xcconfig"; sourceTree = "<group>"; };
		193891DE2801F9B0003268D5 /* FollowingCell.swift */ = {isa = PBXFileReference; lastKnownFileType = sourcecode.swift; path = FollowingCell.swift; sourceTree = "<group>"; };
		195BADF427FA449900319333 /* PostCell.swift */ = {isa = PBXFileReference; lastKnownFileType = sourcecode.swift; path = PostCell.swift; sourceTree = "<group>"; };
		197EC282280A0B3B00849789 /* UserPostScreen.storyboard */ = {isa = PBXFileReference; lastKnownFileType = file.storyboard; path = UserPostScreen.storyboard; sourceTree = "<group>"; };
		197EC286280A0DB500849789 /* UserPostViewController.swift */ = {isa = PBXFileReference; lastKnownFileType = sourcecode.swift; path = UserPostViewController.swift; sourceTree = "<group>"; };
		197EC288280A15AA00849789 /* PastCell.swift */ = {isa = PBXFileReference; lastKnownFileType = sourcecode.swift; path = PastCell.swift; sourceTree = "<group>"; };
		19A9A16727FD0EFE00B3121D /* FollowerViewController.swift */ = {isa = PBXFileReference; lastKnownFileType = sourcecode.swift; path = FollowerViewController.swift; sourceTree = "<group>"; };
		19A9A16927FD0F3900B3121D /* FollowingViewController.swift */ = {isa = PBXFileReference; lastKnownFileType = sourcecode.swift; path = FollowingViewController.swift; sourceTree = "<group>"; };
		19A9A16B27FD0FA300B3121D /* SearchViewController.swift */ = {isa = PBXFileReference; lastKnownFileType = sourcecode.swift; path = SearchViewController.swift; sourceTree = "<group>"; };
		19A9A16D27FD1CDF00B3121D /* FollowerCell.swift */ = {isa = PBXFileReference; lastKnownFileType = sourcecode.swift; path = FollowerCell.swift; sourceTree = "<group>"; };
		19D8473C27F10636009E7C85 /* SignUpViewController.swift */ = {isa = PBXFileReference; lastKnownFileType = sourcecode.swift; path = SignUpViewController.swift; sourceTree = "<group>"; };
		19EEC50B27EFA61A00814990 /* LoginViewController.swift */ = {isa = PBXFileReference; lastKnownFileType = sourcecode.swift; path = LoginViewController.swift; sourceTree = "<group>"; };
		452DC1DF27EF8FC1009EDD7B /* UsernameScreen.storyboard */ = {isa = PBXFileReference; lastKnownFileType = file.storyboard; path = UsernameScreen.storyboard; sourceTree = "<group>"; };
		452DC1E127EF9064009EDD7B /* PasswordScreen.storyboard */ = {isa = PBXFileReference; lastKnownFileType = file.storyboard; path = PasswordScreen.storyboard; sourceTree = "<group>"; };
		452DC1E327EF9079009EDD7B /* DeactivateScreen.storyboard */ = {isa = PBXFileReference; lastKnownFileType = file.storyboard; path = DeactivateScreen.storyboard; sourceTree = "<group>"; };
		452DC1E527EF908B009EDD7B /* FollowerScreen.storyboard */ = {isa = PBXFileReference; lastKnownFileType = file.storyboard; path = FollowerScreen.storyboard; sourceTree = "<group>"; };
		452DC1E727EF909E009EDD7B /* FollowingScreen.storyboard */ = {isa = PBXFileReference; lastKnownFileType = file.storyboard; path = FollowingScreen.storyboard; sourceTree = "<group>"; };
		452DC1E927EFA1AC009EDD7B /* SearchScreen.storyboard */ = {isa = PBXFileReference; lastKnownFileType = file.storyboard; path = SearchScreen.storyboard; sourceTree = "<group>"; };
		453ADD7127F52AB2003077FB /* UsernameViewController.swift */ = {isa = PBXFileReference; lastKnownFileType = sourcecode.swift; path = UsernameViewController.swift; sourceTree = "<group>"; };
		453ADD7327F52AC2003077FB /* PasswordViewController.swift */ = {isa = PBXFileReference; lastKnownFileType = sourcecode.swift; path = PasswordViewController.swift; sourceTree = "<group>"; };
		453ADD7527F52AD3003077FB /* DeactivateViewController.swift */ = {isa = PBXFileReference; lastKnownFileType = sourcecode.swift; path = DeactivateViewController.swift; sourceTree = "<group>"; };
		453ADD7727F52EAE003077FB /* NewPostViewController.swift */ = {isa = PBXFileReference; lastKnownFileType = sourcecode.swift; path = NewPostViewController.swift; sourceTree = "<group>"; };
		456D227727EF8976001B94A2 /* MoHoeMoods.app */ = {isa = PBXFileReference; explicitFileType = wrapper.application; includeInIndex = 0; path = MoHoeMoods.app; sourceTree = BUILT_PRODUCTS_DIR; };
		456D227A27EF8976001B94A2 /* AppDelegate.swift */ = {isa = PBXFileReference; lastKnownFileType = sourcecode.swift; path = AppDelegate.swift; sourceTree = "<group>"; };
		456D227C27EF8976001B94A2 /* SceneDelegate.swift */ = {isa = PBXFileReference; lastKnownFileType = sourcecode.swift; path = SceneDelegate.swift; sourceTree = "<group>"; };
		456D228127EF8976001B94A2 /* Base */ = {isa = PBXFileReference; lastKnownFileType = file.storyboard; name = Base; path = Base.lproj/Main.storyboard; sourceTree = "<group>"; };
		456D228327EF8977001B94A2 /* Assets.xcassets */ = {isa = PBXFileReference; lastKnownFileType = folder.assetcatalog; path = Assets.xcassets; sourceTree = "<group>"; };
		456D228627EF8977001B94A2 /* Base */ = {isa = PBXFileReference; lastKnownFileType = file.storyboard; name = Base; path = Base.lproj/LaunchScreen.storyboard; sourceTree = "<group>"; };
		456D228827EF8977001B94A2 /* Info.plist */ = {isa = PBXFileReference; lastKnownFileType = text.plist.xml; path = Info.plist; sourceTree = "<group>"; };
		456D228D27EF8978001B94A2 /* MoHoeMoodsTests.xctest */ = {isa = PBXFileReference; explicitFileType = wrapper.cfbundle; includeInIndex = 0; path = MoHoeMoodsTests.xctest; sourceTree = BUILT_PRODUCTS_DIR; };
		456D229127EF8978001B94A2 /* MoHoeMoodsTests.swift */ = {isa = PBXFileReference; lastKnownFileType = sourcecode.swift; path = MoHoeMoodsTests.swift; sourceTree = "<group>"; };
		456D229727EF8978001B94A2 /* MoHoeMoodsUITests.xctest */ = {isa = PBXFileReference; explicitFileType = wrapper.cfbundle; includeInIndex = 0; path = MoHoeMoodsUITests.xctest; sourceTree = BUILT_PRODUCTS_DIR; };
		456D229B27EF8978001B94A2 /* MoHoeMoodsUITests.swift */ = {isa = PBXFileReference; lastKnownFileType = sourcecode.swift; path = MoHoeMoodsUITests.swift; sourceTree = "<group>"; };
		456D229D27EF8978001B94A2 /* MoHoeMoodsUITestsLaunchTests.swift */ = {isa = PBXFileReference; lastKnownFileType = sourcecode.swift; path = MoHoeMoodsUITestsLaunchTests.swift; sourceTree = "<group>"; };
		456D22AA27EF89B2001B94A2 /* FeedScreen.storyboard */ = {isa = PBXFileReference; lastKnownFileType = file.storyboard; path = FeedScreen.storyboard; sourceTree = "<group>"; };
		456D22AC27EF89D3001B94A2 /* AccountScreen.storyboard */ = {isa = PBXFileReference; lastKnownFileType = file.storyboard; path = AccountScreen.storyboard; sourceTree = "<group>"; };
		456D22AE27EF8A7B001B94A2 /* SignUpScreen.storyboard */ = {isa = PBXFileReference; lastKnownFileType = file.storyboard; path = SignUpScreen.storyboard; sourceTree = "<group>"; };
		45DD35312801F93C00903D2E /* CommentCellTableViewCell.swift */ = {isa = PBXFileReference; lastKnownFileType = sourcecode.swift; path = CommentCellTableViewCell.swift; sourceTree = "<group>"; };
		45E070D428038932005E1219 /* 13331-emotions.json */ = {isa = PBXFileReference; fileEncoding = 4; lastKnownFileType = text.json; name = "13331-emotions.json"; path = "../../13331-emotions.json"; sourceTree = "<group>"; };
		45E66B4427F10F1C00D1C42A /* FeedViewController.swift */ = {isa = PBXFileReference; lastKnownFileType = sourcecode.swift; path = FeedViewController.swift; sourceTree = "<group>"; };
		45E66B4627F10F2C00D1C42A /* AccountViewController.swift */ = {isa = PBXFileReference; lastKnownFileType = sourcecode.swift; path = AccountViewController.swift; sourceTree = "<group>"; };
		554F21E677242255C4ACF2AA /* Pods-MoHoeMoodsTests.debug.xcconfig */ = {isa = PBXFileReference; includeInIndex = 1; lastKnownFileType = text.xcconfig; name = "Pods-MoHoeMoodsTests.debug.xcconfig"; path = "Target Support Files/Pods-MoHoeMoodsTests/Pods-MoHoeMoodsTests.debug.xcconfig"; sourceTree = "<group>"; };
		55CB34FC63A2D0AB69049476 /* Pods-MoHoeMoodsTests.release.xcconfig */ = {isa = PBXFileReference; includeInIndex = 1; lastKnownFileType = text.xcconfig; name = "Pods-MoHoeMoodsTests.release.xcconfig"; path = "Target Support Files/Pods-MoHoeMoodsTests/Pods-MoHoeMoodsTests.release.xcconfig"; sourceTree = "<group>"; };
		6DB5FA3935ACF5AE02649534 /* Pods-MoHoeMoods-MoHoeMoodsUITests.release.xcconfig */ = {isa = PBXFileReference; includeInIndex = 1; lastKnownFileType = text.xcconfig; name = "Pods-MoHoeMoods-MoHoeMoodsUITests.release.xcconfig"; path = "Target Support Files/Pods-MoHoeMoods-MoHoeMoodsUITests/Pods-MoHoeMoods-MoHoeMoodsUITests.release.xcconfig"; sourceTree = "<group>"; };
		73015CBE9ECA712F8C82FBF7 /* Pods_MoHoeMoodsTests.framework */ = {isa = PBXFileReference; explicitFileType = wrapper.framework; includeInIndex = 0; path = Pods_MoHoeMoodsTests.framework; sourceTree = BUILT_PRODUCTS_DIR; };
		8C5E92D3CA395EE36E9C6359 /* Pods-MoHoeMoods-MoHoeMoodsUITests.debug.xcconfig */ = {isa = PBXFileReference; includeInIndex = 1; lastKnownFileType = text.xcconfig; name = "Pods-MoHoeMoods-MoHoeMoodsUITests.debug.xcconfig"; path = "Target Support Files/Pods-MoHoeMoods-MoHoeMoodsUITests/Pods-MoHoeMoods-MoHoeMoodsUITests.debug.xcconfig"; sourceTree = "<group>"; };
		8CE0D5DC4CF38B21413A53F7 /* Pods_MoHoeMoods.framework */ = {isa = PBXFileReference; explicitFileType = wrapper.framework; includeInIndex = 0; path = Pods_MoHoeMoods.framework; sourceTree = BUILT_PRODUCTS_DIR; };
		AAC80534DC862245DED1DEDA /* Pods-MoHoeMoods.debug.xcconfig */ = {isa = PBXFileReference; includeInIndex = 1; lastKnownFileType = text.xcconfig; name = "Pods-MoHoeMoods.debug.xcconfig"; path = "Target Support Files/Pods-MoHoeMoods/Pods-MoHoeMoods.debug.xcconfig"; sourceTree = "<group>"; };
		CE74369FE128AE558202C9F8 /* Pods_MoHoeMoods_MoHoeMoodsUITests.framework */ = {isa = PBXFileReference; explicitFileType = wrapper.framework; includeInIndex = 0; path = Pods_MoHoeMoods_MoHoeMoodsUITests.framework; sourceTree = BUILT_PRODUCTS_DIR; };
/* End PBXFileReference section */

/* Begin PBXFrameworksBuildPhase section */
		456D227427EF8976001B94A2 /* Frameworks */ = {
			isa = PBXFrameworksBuildPhase;
			buildActionMask = 2147483647;
			files = (
				78564F11CDAFAC42AC6710B4 /* Pods_MoHoeMoods.framework in Frameworks */,
			);
			runOnlyForDeploymentPostprocessing = 0;
		};
		456D228A27EF8978001B94A2 /* Frameworks */ = {
			isa = PBXFrameworksBuildPhase;
			buildActionMask = 2147483647;
			files = (
				792C70B405EBD3C6D3C2014C /* Pods_MoHoeMoodsTests.framework in Frameworks */,
			);
			runOnlyForDeploymentPostprocessing = 0;
		};
		456D229427EF8978001B94A2 /* Frameworks */ = {
			isa = PBXFrameworksBuildPhase;
			buildActionMask = 2147483647;
			files = (
				76EC1A745246B2E038D6188A /* Pods_MoHoeMoods_MoHoeMoodsUITests.framework in Frameworks */,
			);
			runOnlyForDeploymentPostprocessing = 0;
		};
/* End PBXFrameworksBuildPhase section */

/* Begin PBXGroup section */
		456D226E27EF8976001B94A2 = {
			isa = PBXGroup;
			children = (
				45E070D328038913005E1219 /* Extra */,
				456D227927EF8976001B94A2 /* MoHoeMoods */,
				456D229A27EF8978001B94A2 /* MoHoeMoodsUITests */,
				456D227827EF8976001B94A2 /* Products */,
				786015D0CB5E3F65D8EA4D09 /* Pods */,
				AE67A29CEDB2C23FD418067C /* Frameworks */,
			);
			sourceTree = "<group>";
		};
		456D227827EF8976001B94A2 /* Products */ = {
			isa = PBXGroup;
			children = (
				456D227727EF8976001B94A2 /* MoHoeMoods.app */,
				456D228D27EF8978001B94A2 /* MoHoeMoodsTests.xctest */,
				456D229727EF8978001B94A2 /* MoHoeMoodsUITests.xctest */,
			);
			name = Products;
			sourceTree = "<group>";
		};
		456D227927EF8976001B94A2 /* MoHoeMoods */ = {
			isa = PBXGroup;
			children = (
				456D227A27EF8976001B94A2 /* AppDelegate.swift */,
				456D227C27EF8976001B94A2 /* SceneDelegate.swift */,
				19EEC50B27EFA61A00814990 /* LoginViewController.swift */,
				19D8473C27F10636009E7C85 /* SignUpViewController.swift */,
				456D228027EF8976001B94A2 /* Main.storyboard */,
				456D22AE27EF8A7B001B94A2 /* SignUpScreen.storyboard */,
				456D22AA27EF89B2001B94A2 /* FeedScreen.storyboard */,
				45DD35312801F93C00903D2E /* CommentCellTableViewCell.swift */,
				45E66B4427F10F1C00D1C42A /* FeedViewController.swift */,
				195BADF427FA449900319333 /* PostCell.swift */,
				45E66B4627F10F2C00D1C42A /* AccountViewController.swift */,
				19A9A16B27FD0FA300B3121D /* SearchViewController.swift */,
				452DC1E927EFA1AC009EDD7B /* SearchScreen.storyboard */,
				456D22AC27EF89D3001B94A2 /* AccountScreen.storyboard */,
				453ADD7727F52EAE003077FB /* NewPostViewController.swift */,
				453ADD7127F52AB2003077FB /* UsernameViewController.swift */,
				453ADD7327F52AC2003077FB /* PasswordViewController.swift */,
				452DC1DF27EF8FC1009EDD7B /* UsernameScreen.storyboard */,
				19A9A16727FD0EFE00B3121D /* FollowerViewController.swift */,
				19A9A16D27FD1CDF00B3121D /* FollowerCell.swift */,
				453ADD7527F52AD3003077FB /* DeactivateViewController.swift */,
				19A9A16927FD0F3900B3121D /* FollowingViewController.swift */,
				193891DE2801F9B0003268D5 /* FollowingCell.swift */,
				452DC1E127EF9064009EDD7B /* PasswordScreen.storyboard */,
				452DC1E327EF9079009EDD7B /* DeactivateScreen.storyboard */,
				452DC1E527EF908B009EDD7B /* FollowerScreen.storyboard */,
				452DC1E727EF909E009EDD7B /* FollowingScreen.storyboard */,
				197EC282280A0B3B00849789 /* UserPostScreen.storyboard */,
				197EC286280A0DB500849789 /* UserPostViewController.swift */,
				197EC288280A15AA00849789 /* PastCell.swift */,
				456D228527EF8977001B94A2 /* LaunchScreen.storyboard */,
				456D229027EF8978001B94A2 /* MoHoeMoodsTests */,
				456D228327EF8977001B94A2 /* Assets.xcassets */,
				456D228827EF8977001B94A2 /* Info.plist */,
			);
			path = MoHoeMoods;
			sourceTree = "<group>";
		};
		456D229027EF8978001B94A2 /* MoHoeMoodsTests */ = {
			isa = PBXGroup;
			children = (
				456D229127EF8978001B94A2 /* MoHoeMoodsTests.swift */,
			);
			path = MoHoeMoodsTests;
			sourceTree = "<group>";
		};
		456D229A27EF8978001B94A2 /* MoHoeMoodsUITests */ = {
			isa = PBXGroup;
			children = (
				456D229B27EF8978001B94A2 /* MoHoeMoodsUITests.swift */,
				456D229D27EF8978001B94A2 /* MoHoeMoodsUITestsLaunchTests.swift */,
			);
			path = MoHoeMoodsUITests;
			sourceTree = "<group>";
		};
		45E070D328038913005E1219 /* Extra */ = {
			isa = PBXGroup;
			children = (
				45E070D428038932005E1219 /* 13331-emotions.json */,
			);
			path = Extra;
			sourceTree = "<group>";
		};
		786015D0CB5E3F65D8EA4D09 /* Pods */ = {
			isa = PBXGroup;
			children = (
				AAC80534DC862245DED1DEDA /* Pods-MoHoeMoods.debug.xcconfig */,
				0B3259978F135084AEA56084 /* Pods-MoHoeMoods.release.xcconfig */,
				8C5E92D3CA395EE36E9C6359 /* Pods-MoHoeMoods-MoHoeMoodsUITests.debug.xcconfig */,
				6DB5FA3935ACF5AE02649534 /* Pods-MoHoeMoods-MoHoeMoodsUITests.release.xcconfig */,
				554F21E677242255C4ACF2AA /* Pods-MoHoeMoodsTests.debug.xcconfig */,
				55CB34FC63A2D0AB69049476 /* Pods-MoHoeMoodsTests.release.xcconfig */,
			);
			path = Pods;
			sourceTree = "<group>";
		};
		AE67A29CEDB2C23FD418067C /* Frameworks */ = {
			isa = PBXGroup;
			children = (
				8CE0D5DC4CF38B21413A53F7 /* Pods_MoHoeMoods.framework */,
				CE74369FE128AE558202C9F8 /* Pods_MoHoeMoods_MoHoeMoodsUITests.framework */,
				73015CBE9ECA712F8C82FBF7 /* Pods_MoHoeMoodsTests.framework */,
			);
			name = Frameworks;
			sourceTree = "<group>";
		};
/* End PBXGroup section */

/* Begin PBXNativeTarget section */
		456D227627EF8976001B94A2 /* MoHoeMoods */ = {
			isa = PBXNativeTarget;
			buildConfigurationList = 456D22A127EF8978001B94A2 /* Build configuration list for PBXNativeTarget "MoHoeMoods" */;
			buildPhases = (
				73B400F8C8B5417EFAE6DF19 /* [CP] Check Pods Manifest.lock */,
				456D227327EF8976001B94A2 /* Sources */,
				456D227427EF8976001B94A2 /* Frameworks */,
				456D227527EF8976001B94A2 /* Resources */,
				181912E3F3F9E4FED9EE669B /* [CP] Embed Pods Frameworks */,
			);
			buildRules = (
			);
			dependencies = (
			);
			name = MoHoeMoods;
			productName = MoHoeMoods;
			productReference = 456D227727EF8976001B94A2 /* MoHoeMoods.app */;
			productType = "com.apple.product-type.application";
		};
		456D228C27EF8978001B94A2 /* MoHoeMoodsTests */ = {
			isa = PBXNativeTarget;
			buildConfigurationList = 456D22A427EF8978001B94A2 /* Build configuration list for PBXNativeTarget "MoHoeMoodsTests" */;
			buildPhases = (
				A51226AE5D80426F867214DB /* [CP] Check Pods Manifest.lock */,
				456D228927EF8978001B94A2 /* Sources */,
				456D228A27EF8978001B94A2 /* Frameworks */,
				456D228B27EF8978001B94A2 /* Resources */,
			);
			buildRules = (
			);
			dependencies = (
				456D228F27EF8978001B94A2 /* PBXTargetDependency */,
			);
			name = MoHoeMoodsTests;
			productName = MoHoeMoodsTests;
			productReference = 456D228D27EF8978001B94A2 /* MoHoeMoodsTests.xctest */;
			productType = "com.apple.product-type.bundle.unit-test";
		};
		456D229627EF8978001B94A2 /* MoHoeMoodsUITests */ = {
			isa = PBXNativeTarget;
			buildConfigurationList = 456D22A727EF8978001B94A2 /* Build configuration list for PBXNativeTarget "MoHoeMoodsUITests" */;
			buildPhases = (
				C22C34F451B1FF6284301F57 /* [CP] Check Pods Manifest.lock */,
				456D229327EF8978001B94A2 /* Sources */,
				456D229427EF8978001B94A2 /* Frameworks */,
				456D229527EF8978001B94A2 /* Resources */,
				D1FD27CAB4ABE4000E9BF74A /* [CP] Embed Pods Frameworks */,
			);
			buildRules = (
			);
			dependencies = (
				456D229927EF8978001B94A2 /* PBXTargetDependency */,
			);
			name = MoHoeMoodsUITests;
			productName = MoHoeMoodsUITests;
			productReference = 456D229727EF8978001B94A2 /* MoHoeMoodsUITests.xctest */;
			productType = "com.apple.product-type.bundle.ui-testing";
		};
/* End PBXNativeTarget section */

/* Begin PBXProject section */
		456D226F27EF8976001B94A2 /* Project object */ = {
			isa = PBXProject;
			attributes = {
				BuildIndependentTargetsInParallel = 1;
				LastSwiftUpdateCheck = 1320;
				LastUpgradeCheck = 1320;
				TargetAttributes = {
					456D227627EF8976001B94A2 = {
						CreatedOnToolsVersion = 13.2.1;
					};
					456D228C27EF8978001B94A2 = {
						CreatedOnToolsVersion = 13.2.1;
						TestTargetID = 456D227627EF8976001B94A2;
					};
					456D229627EF8978001B94A2 = {
						CreatedOnToolsVersion = 13.2.1;
						TestTargetID = 456D227627EF8976001B94A2;
					};
				};
			};
			buildConfigurationList = 456D227227EF8976001B94A2 /* Build configuration list for PBXProject "MoHoeMoods" */;
			compatibilityVersion = "Xcode 13.0";
			developmentRegion = en;
			hasScannedForEncodings = 0;
			knownRegions = (
				en,
				Base,
			);
			mainGroup = 456D226E27EF8976001B94A2;
			productRefGroup = 456D227827EF8976001B94A2 /* Products */;
			projectDirPath = "";
			projectRoot = "";
			targets = (
				456D227627EF8976001B94A2 /* MoHoeMoods */,
				456D228C27EF8978001B94A2 /* MoHoeMoodsTests */,
				456D229627EF8978001B94A2 /* MoHoeMoodsUITests */,
			);
		};
/* End PBXProject section */

/* Begin PBXResourcesBuildPhase section */
		456D227527EF8976001B94A2 /* Resources */ = {
			isa = PBXResourcesBuildPhase;
			buildActionMask = 2147483647;
			files = (
				456D22AF27EF8A7B001B94A2 /* SignUpScreen.storyboard in Resources */,
				197EC283280A0B3B00849789 /* UserPostScreen.storyboard in Resources */,
				456D22AB27EF89B2001B94A2 /* FeedScreen.storyboard in Resources */,
				452DC1E027EF8FC1009EDD7B /* UsernameScreen.storyboard in Resources */,
				452DC1E227EF9064009EDD7B /* PasswordScreen.storyboard in Resources */,
				456D228727EF8977001B94A2 /* LaunchScreen.storyboard in Resources */,
				452DC1E427EF9079009EDD7B /* DeactivateScreen.storyboard in Resources */,
				456D228427EF8977001B94A2 /* Assets.xcassets in Resources */,
				452DC1E827EF909E009EDD7B /* FollowingScreen.storyboard in Resources */,
				452DC1EA27EFA1AC009EDD7B /* SearchScreen.storyboard in Resources */,
				456D228227EF8976001B94A2 /* Main.storyboard in Resources */,
				452DC1E627EF908B009EDD7B /* FollowerScreen.storyboard in Resources */,
				45E070D528038932005E1219 /* 13331-emotions.json in Resources */,
				456D22AD27EF89D3001B94A2 /* AccountScreen.storyboard in Resources */,
			);
			runOnlyForDeploymentPostprocessing = 0;
		};
		456D228B27EF8978001B94A2 /* Resources */ = {
			isa = PBXResourcesBuildPhase;
			buildActionMask = 2147483647;
			files = (
			);
			runOnlyForDeploymentPostprocessing = 0;
		};
		456D229527EF8978001B94A2 /* Resources */ = {
			isa = PBXResourcesBuildPhase;
			buildActionMask = 2147483647;
			files = (
			);
			runOnlyForDeploymentPostprocessing = 0;
		};
/* End PBXResourcesBuildPhase section */

/* Begin PBXShellScriptBuildPhase section */
		181912E3F3F9E4FED9EE669B /* [CP] Embed Pods Frameworks */ = {
			isa = PBXShellScriptBuildPhase;
			buildActionMask = 2147483647;
			files = (
			);
			inputFileListPaths = (
				"${PODS_ROOT}/Target Support Files/Pods-MoHoeMoods/Pods-MoHoeMoods-frameworks-${CONFIGURATION}-input-files.xcfilelist",
			);
			name = "[CP] Embed Pods Frameworks";
			outputFileListPaths = (
				"${PODS_ROOT}/Target Support Files/Pods-MoHoeMoods/Pods-MoHoeMoods-frameworks-${CONFIGURATION}-output-files.xcfilelist",
			);
			runOnlyForDeploymentPostprocessing = 0;
			shellPath = /bin/sh;
			shellScript = "\"${PODS_ROOT}/Target Support Files/Pods-MoHoeMoods/Pods-MoHoeMoods-frameworks.sh\"\n";
			showEnvVarsInLog = 0;
		};
		73B400F8C8B5417EFAE6DF19 /* [CP] Check Pods Manifest.lock */ = {
			isa = PBXShellScriptBuildPhase;
			buildActionMask = 2147483647;
			files = (
			);
			inputFileListPaths = (
			);
			inputPaths = (
				"${PODS_PODFILE_DIR_PATH}/Podfile.lock",
				"${PODS_ROOT}/Manifest.lock",
			);
			name = "[CP] Check Pods Manifest.lock";
			outputFileListPaths = (
			);
			outputPaths = (
				"$(DERIVED_FILE_DIR)/Pods-MoHoeMoods-checkManifestLockResult.txt",
			);
			runOnlyForDeploymentPostprocessing = 0;
			shellPath = /bin/sh;
			shellScript = "diff \"${PODS_PODFILE_DIR_PATH}/Podfile.lock\" \"${PODS_ROOT}/Manifest.lock\" > /dev/null\nif [ $? != 0 ] ; then\n    # print error to STDERR\n    echo \"error: The sandbox is not in sync with the Podfile.lock. Run 'pod install' or update your CocoaPods installation.\" >&2\n    exit 1\nfi\n# This output is used by Xcode 'outputs' to avoid re-running this script phase.\necho \"SUCCESS\" > \"${SCRIPT_OUTPUT_FILE_0}\"\n";
			showEnvVarsInLog = 0;
		};
		A51226AE5D80426F867214DB /* [CP] Check Pods Manifest.lock */ = {
			isa = PBXShellScriptBuildPhase;
			buildActionMask = 2147483647;
			files = (
			);
			inputFileListPaths = (
			);
			inputPaths = (
				"${PODS_PODFILE_DIR_PATH}/Podfile.lock",
				"${PODS_ROOT}/Manifest.lock",
			);
			name = "[CP] Check Pods Manifest.lock";
			outputFileListPaths = (
			);
			outputPaths = (
				"$(DERIVED_FILE_DIR)/Pods-MoHoeMoodsTests-checkManifestLockResult.txt",
			);
			runOnlyForDeploymentPostprocessing = 0;
			shellPath = /bin/sh;
			shellScript = "diff \"${PODS_PODFILE_DIR_PATH}/Podfile.lock\" \"${PODS_ROOT}/Manifest.lock\" > /dev/null\nif [ $? != 0 ] ; then\n    # print error to STDERR\n    echo \"error: The sandbox is not in sync with the Podfile.lock. Run 'pod install' or update your CocoaPods installation.\" >&2\n    exit 1\nfi\n# This output is used by Xcode 'outputs' to avoid re-running this script phase.\necho \"SUCCESS\" > \"${SCRIPT_OUTPUT_FILE_0}\"\n";
			showEnvVarsInLog = 0;
		};
		C22C34F451B1FF6284301F57 /* [CP] Check Pods Manifest.lock */ = {
			isa = PBXShellScriptBuildPhase;
			buildActionMask = 2147483647;
			files = (
			);
			inputFileListPaths = (
			);
			inputPaths = (
				"${PODS_PODFILE_DIR_PATH}/Podfile.lock",
				"${PODS_ROOT}/Manifest.lock",
			);
			name = "[CP] Check Pods Manifest.lock";
			outputFileListPaths = (
			);
			outputPaths = (
				"$(DERIVED_FILE_DIR)/Pods-MoHoeMoods-MoHoeMoodsUITests-checkManifestLockResult.txt",
			);
			runOnlyForDeploymentPostprocessing = 0;
			shellPath = /bin/sh;
			shellScript = "diff \"${PODS_PODFILE_DIR_PATH}/Podfile.lock\" \"${PODS_ROOT}/Manifest.lock\" > /dev/null\nif [ $? != 0 ] ; then\n    # print error to STDERR\n    echo \"error: The sandbox is not in sync with the Podfile.lock. Run 'pod install' or update your CocoaPods installation.\" >&2\n    exit 1\nfi\n# This output is used by Xcode 'outputs' to avoid re-running this script phase.\necho \"SUCCESS\" > \"${SCRIPT_OUTPUT_FILE_0}\"\n";
			showEnvVarsInLog = 0;
		};
		D1FD27CAB4ABE4000E9BF74A /* [CP] Embed Pods Frameworks */ = {
			isa = PBXShellScriptBuildPhase;
			buildActionMask = 2147483647;
			files = (
			);
			inputFileListPaths = (
				"${PODS_ROOT}/Target Support Files/Pods-MoHoeMoods-MoHoeMoodsUITests/Pods-MoHoeMoods-MoHoeMoodsUITests-frameworks-${CONFIGURATION}-input-files.xcfilelist",
			);
			name = "[CP] Embed Pods Frameworks";
			outputFileListPaths = (
				"${PODS_ROOT}/Target Support Files/Pods-MoHoeMoods-MoHoeMoodsUITests/Pods-MoHoeMoods-MoHoeMoodsUITests-frameworks-${CONFIGURATION}-output-files.xcfilelist",
			);
			runOnlyForDeploymentPostprocessing = 0;
			shellPath = /bin/sh;
			shellScript = "\"${PODS_ROOT}/Target Support Files/Pods-MoHoeMoods-MoHoeMoodsUITests/Pods-MoHoeMoods-MoHoeMoodsUITests-frameworks.sh\"\n";
			showEnvVarsInLog = 0;
		};
/* End PBXShellScriptBuildPhase section */

/* Begin PBXSourcesBuildPhase section */
		456D227327EF8976001B94A2 /* Sources */ = {
			isa = PBXSourcesBuildPhase;
			buildActionMask = 2147483647;
			files = (
				453ADD7227F52AB2003077FB /* UsernameViewController.swift in Sources */,
				197EC289280A15AA00849789 /* PastCell.swift in Sources */,
				453ADD7427F52AC2003077FB /* PasswordViewController.swift in Sources */,
				19A9A16E27FD1CDF00B3121D /* FollowerCell.swift in Sources */,
				19EEC50C27EFA61A00814990 /* LoginViewController.swift in Sources */,
				456D227B27EF8976001B94A2 /* AppDelegate.swift in Sources */,
				19A9A16827FD0EFE00B3121D /* FollowerViewController.swift in Sources */,
				45E66B4727F10F2C00D1C42A /* AccountViewController.swift in Sources */,
				19A9A16A27FD0F3900B3121D /* FollowingViewController.swift in Sources */,
				45E66B4527F10F1C00D1C42A /* FeedViewController.swift in Sources */,
				19A9A16C27FD0FA300B3121D /* SearchViewController.swift in Sources */,
				19D8473D27F10636009E7C85 /* SignUpViewController.swift in Sources */,
				453ADD7627F52AD3003077FB /* DeactivateViewController.swift in Sources */,
				195BADF527FA449900319333 /* PostCell.swift in Sources */,
				456D227D27EF8976001B94A2 /* SceneDelegate.swift in Sources */,
				197EC287280A0DB500849789 /* UserPostViewController.swift in Sources */,
				453ADD7827F52EAE003077FB /* NewPostViewController.swift in Sources */,
				193891DF2801F9B0003268D5 /* FollowingCell.swift in Sources */,
				45DD35322801F93C00903D2E /* CommentCellTableViewCell.swift in Sources */,
			);
			runOnlyForDeploymentPostprocessing = 0;
		};
		456D228927EF8978001B94A2 /* Sources */ = {
			isa = PBXSourcesBuildPhase;
			buildActionMask = 2147483647;
			files = (
				456D229227EF8978001B94A2 /* MoHoeMoodsTests.swift in Sources */,
			);
			runOnlyForDeploymentPostprocessing = 0;
		};
		456D229327EF8978001B94A2 /* Sources */ = {
			isa = PBXSourcesBuildPhase;
			buildActionMask = 2147483647;
			files = (
				456D229E27EF8978001B94A2 /* MoHoeMoodsUITestsLaunchTests.swift in Sources */,
				456D229C27EF8978001B94A2 /* MoHoeMoodsUITests.swift in Sources */,
			);
			runOnlyForDeploymentPostprocessing = 0;
		};
/* End PBXSourcesBuildPhase section */

/* Begin PBXTargetDependency section */
		456D228F27EF8978001B94A2 /* PBXTargetDependency */ = {
			isa = PBXTargetDependency;
			target = 456D227627EF8976001B94A2 /* MoHoeMoods */;
			targetProxy = 456D228E27EF8978001B94A2 /* PBXContainerItemProxy */;
		};
		456D229927EF8978001B94A2 /* PBXTargetDependency */ = {
			isa = PBXTargetDependency;
			target = 456D227627EF8976001B94A2 /* MoHoeMoods */;
			targetProxy = 456D229827EF8978001B94A2 /* PBXContainerItemProxy */;
		};
/* End PBXTargetDependency section */

/* Begin PBXVariantGroup section */
		456D228027EF8976001B94A2 /* Main.storyboard */ = {
			isa = PBXVariantGroup;
			children = (
				456D228127EF8976001B94A2 /* Base */,
			);
			name = Main.storyboard;
			sourceTree = "<group>";
		};
		456D228527EF8977001B94A2 /* LaunchScreen.storyboard */ = {
			isa = PBXVariantGroup;
			children = (
				456D228627EF8977001B94A2 /* Base */,
			);
			name = LaunchScreen.storyboard;
			sourceTree = "<group>";
		};
/* End PBXVariantGroup section */

/* Begin XCBuildConfiguration section */
		456D229F27EF8978001B94A2 /* Debug */ = {
			isa = XCBuildConfiguration;
			buildSettings = {
				ALWAYS_SEARCH_USER_PATHS = NO;
				CLANG_ANALYZER_NONNULL = YES;
				CLANG_ANALYZER_NUMBER_OBJECT_CONVERSION = YES_AGGRESSIVE;
				CLANG_CXX_LANGUAGE_STANDARD = "gnu++17";
				CLANG_CXX_LIBRARY = "libc++";
				CLANG_ENABLE_MODULES = YES;
				CLANG_ENABLE_OBJC_ARC = YES;
				CLANG_ENABLE_OBJC_WEAK = YES;
				CLANG_WARN_BLOCK_CAPTURE_AUTORELEASING = YES;
				CLANG_WARN_BOOL_CONVERSION = YES;
				CLANG_WARN_COMMA = YES;
				CLANG_WARN_CONSTANT_CONVERSION = YES;
				CLANG_WARN_DEPRECATED_OBJC_IMPLEMENTATIONS = YES;
				CLANG_WARN_DIRECT_OBJC_ISA_USAGE = YES_ERROR;
				CLANG_WARN_DOCUMENTATION_COMMENTS = YES;
				CLANG_WARN_EMPTY_BODY = YES;
				CLANG_WARN_ENUM_CONVERSION = YES;
				CLANG_WARN_INFINITE_RECURSION = YES;
				CLANG_WARN_INT_CONVERSION = YES;
				CLANG_WARN_NON_LITERAL_NULL_CONVERSION = YES;
				CLANG_WARN_OBJC_IMPLICIT_RETAIN_SELF = YES;
				CLANG_WARN_OBJC_LITERAL_CONVERSION = YES;
				CLANG_WARN_OBJC_ROOT_CLASS = YES_ERROR;
				CLANG_WARN_QUOTED_INCLUDE_IN_FRAMEWORK_HEADER = YES;
				CLANG_WARN_RANGE_LOOP_ANALYSIS = YES;
				CLANG_WARN_STRICT_PROTOTYPES = YES;
				CLANG_WARN_SUSPICIOUS_MOVE = YES;
				CLANG_WARN_UNGUARDED_AVAILABILITY = YES_AGGRESSIVE;
				CLANG_WARN_UNREACHABLE_CODE = YES;
				CLANG_WARN__DUPLICATE_METHOD_MATCH = YES;
				COPY_PHASE_STRIP = NO;
				DEBUG_INFORMATION_FORMAT = dwarf;
				ENABLE_STRICT_OBJC_MSGSEND = YES;
				ENABLE_TESTABILITY = YES;
				GCC_C_LANGUAGE_STANDARD = gnu11;
				GCC_DYNAMIC_NO_PIC = NO;
				GCC_NO_COMMON_BLOCKS = YES;
				GCC_OPTIMIZATION_LEVEL = 0;
				GCC_PREPROCESSOR_DEFINITIONS = (
					"DEBUG=1",
					"$(inherited)",
				);
				GCC_WARN_64_TO_32_BIT_CONVERSION = YES;
				GCC_WARN_ABOUT_RETURN_TYPE = YES_ERROR;
				GCC_WARN_UNDECLARED_SELECTOR = YES;
				GCC_WARN_UNINITIALIZED_AUTOS = YES_AGGRESSIVE;
				GCC_WARN_UNUSED_FUNCTION = YES;
				GCC_WARN_UNUSED_VARIABLE = YES;
				IPHONEOS_DEPLOYMENT_TARGET = 15.2;
				MTL_ENABLE_DEBUG_INFO = INCLUDE_SOURCE;
				MTL_FAST_MATH = YES;
				ONLY_ACTIVE_ARCH = YES;
				SDKROOT = iphoneos;
				SWIFT_ACTIVE_COMPILATION_CONDITIONS = DEBUG;
				SWIFT_OPTIMIZATION_LEVEL = "-Onone";
			};
			name = Debug;
		};
		456D22A027EF8978001B94A2 /* Release */ = {
			isa = XCBuildConfiguration;
			buildSettings = {
				ALWAYS_SEARCH_USER_PATHS = NO;
				CLANG_ANALYZER_NONNULL = YES;
				CLANG_ANALYZER_NUMBER_OBJECT_CONVERSION = YES_AGGRESSIVE;
				CLANG_CXX_LANGUAGE_STANDARD = "gnu++17";
				CLANG_CXX_LIBRARY = "libc++";
				CLANG_ENABLE_MODULES = YES;
				CLANG_ENABLE_OBJC_ARC = YES;
				CLANG_ENABLE_OBJC_WEAK = YES;
				CLANG_WARN_BLOCK_CAPTURE_AUTORELEASING = YES;
				CLANG_WARN_BOOL_CONVERSION = YES;
				CLANG_WARN_COMMA = YES;
				CLANG_WARN_CONSTANT_CONVERSION = YES;
				CLANG_WARN_DEPRECATED_OBJC_IMPLEMENTATIONS = YES;
				CLANG_WARN_DIRECT_OBJC_ISA_USAGE = YES_ERROR;
				CLANG_WARN_DOCUMENTATION_COMMENTS = YES;
				CLANG_WARN_EMPTY_BODY = YES;
				CLANG_WARN_ENUM_CONVERSION = YES;
				CLANG_WARN_INFINITE_RECURSION = YES;
				CLANG_WARN_INT_CONVERSION = YES;
				CLANG_WARN_NON_LITERAL_NULL_CONVERSION = YES;
				CLANG_WARN_OBJC_IMPLICIT_RETAIN_SELF = YES;
				CLANG_WARN_OBJC_LITERAL_CONVERSION = YES;
				CLANG_WARN_OBJC_ROOT_CLASS = YES_ERROR;
				CLANG_WARN_QUOTED_INCLUDE_IN_FRAMEWORK_HEADER = YES;
				CLANG_WARN_RANGE_LOOP_ANALYSIS = YES;
				CLANG_WARN_STRICT_PROTOTYPES = YES;
				CLANG_WARN_SUSPICIOUS_MOVE = YES;
				CLANG_WARN_UNGUARDED_AVAILABILITY = YES_AGGRESSIVE;
				CLANG_WARN_UNREACHABLE_CODE = YES;
				CLANG_WARN__DUPLICATE_METHOD_MATCH = YES;
				COPY_PHASE_STRIP = NO;
				DEBUG_INFORMATION_FORMAT = "dwarf-with-dsym";
				ENABLE_NS_ASSERTIONS = NO;
				ENABLE_STRICT_OBJC_MSGSEND = YES;
				GCC_C_LANGUAGE_STANDARD = gnu11;
				GCC_NO_COMMON_BLOCKS = YES;
				GCC_WARN_64_TO_32_BIT_CONVERSION = YES;
				GCC_WARN_ABOUT_RETURN_TYPE = YES_ERROR;
				GCC_WARN_UNDECLARED_SELECTOR = YES;
				GCC_WARN_UNINITIALIZED_AUTOS = YES_AGGRESSIVE;
				GCC_WARN_UNUSED_FUNCTION = YES;
				GCC_WARN_UNUSED_VARIABLE = YES;
				IPHONEOS_DEPLOYMENT_TARGET = 15.2;
				MTL_ENABLE_DEBUG_INFO = NO;
				MTL_FAST_MATH = YES;
				SDKROOT = iphoneos;
				SWIFT_COMPILATION_MODE = wholemodule;
				SWIFT_OPTIMIZATION_LEVEL = "-O";
				VALIDATE_PRODUCT = YES;
			};
			name = Release;
		};
		456D22A227EF8978001B94A2 /* Debug */ = {
			isa = XCBuildConfiguration;
			baseConfigurationReference = AAC80534DC862245DED1DEDA /* Pods-MoHoeMoods.debug.xcconfig */;
			buildSettings = {
				ASSETCATALOG_COMPILER_APPICON_NAME = AppIcon;
				ASSETCATALOG_COMPILER_GLOBAL_ACCENT_COLOR_NAME = AccentColor;
				CODE_SIGN_STYLE = Automatic;
				CURRENT_PROJECT_VERSION = 1;
				DEVELOPMENT_TEAM = 5688D74L68;
				GENERATE_INFOPLIST_FILE = YES;
				INFOPLIST_FILE = MoHoeMoods/Info.plist;
				INFOPLIST_KEY_UIApplicationSupportsIndirectInputEvents = YES;
				INFOPLIST_KEY_UILaunchStoryboardName = LaunchScreen;
				INFOPLIST_KEY_UIMainStoryboardFile = Main;
				INFOPLIST_KEY_UISupportedInterfaceOrientations_iPad = "UIInterfaceOrientationPortrait UIInterfaceOrientationPortraitUpsideDown UIInterfaceOrientationLandscapeLeft UIInterfaceOrientationLandscapeRight";
				INFOPLIST_KEY_UISupportedInterfaceOrientations_iPhone = "UIInterfaceOrientationPortrait UIInterfaceOrientationLandscapeLeft UIInterfaceOrientationLandscapeRight";
				LD_RUNPATH_SEARCH_PATHS = (
					"$(inherited)",
					"@executable_path/Frameworks",
				);
				MARKETING_VERSION = 1.0;
				PRODUCT_BUNDLE_IDENTIFIER = com.rubysapkota.MoHoeMoods;
				PRODUCT_NAME = "$(TARGET_NAME)";
				SWIFT_EMIT_LOC_STRINGS = YES;
				SWIFT_VERSION = 5.0;
				TARGETED_DEVICE_FAMILY = "1,2";
			};
			name = Debug;
		};
		456D22A327EF8978001B94A2 /* Release */ = {
			isa = XCBuildConfiguration;
			baseConfigurationReference = 0B3259978F135084AEA56084 /* Pods-MoHoeMoods.release.xcconfig */;
			buildSettings = {
				ASSETCATALOG_COMPILER_APPICON_NAME = AppIcon;
				ASSETCATALOG_COMPILER_GLOBAL_ACCENT_COLOR_NAME = AccentColor;
				CODE_SIGN_STYLE = Automatic;
				CURRENT_PROJECT_VERSION = 1;
				DEVELOPMENT_TEAM = 5688D74L68;
				GENERATE_INFOPLIST_FILE = YES;
				INFOPLIST_FILE = MoHoeMoods/Info.plist;
				INFOPLIST_KEY_UIApplicationSupportsIndirectInputEvents = YES;
				INFOPLIST_KEY_UILaunchStoryboardName = LaunchScreen;
				INFOPLIST_KEY_UIMainStoryboardFile = Main;
				INFOPLIST_KEY_UISupportedInterfaceOrientations_iPad = "UIInterfaceOrientationPortrait UIInterfaceOrientationPortraitUpsideDown UIInterfaceOrientationLandscapeLeft UIInterfaceOrientationLandscapeRight";
				INFOPLIST_KEY_UISupportedInterfaceOrientations_iPhone = "UIInterfaceOrientationPortrait UIInterfaceOrientationLandscapeLeft UIInterfaceOrientationLandscapeRight";
				LD_RUNPATH_SEARCH_PATHS = (
					"$(inherited)",
					"@executable_path/Frameworks",
				);
				MARKETING_VERSION = 1.0;
				PRODUCT_BUNDLE_IDENTIFIER = com.rubysapkota.MoHoeMoods;
				PRODUCT_NAME = "$(TARGET_NAME)";
				SWIFT_EMIT_LOC_STRINGS = YES;
				SWIFT_VERSION = 5.0;
				TARGETED_DEVICE_FAMILY = "1,2";
			};
			name = Release;
		};
		456D22A527EF8978001B94A2 /* Debug */ = {
			isa = XCBuildConfiguration;
			baseConfigurationReference = 554F21E677242255C4ACF2AA /* Pods-MoHoeMoodsTests.debug.xcconfig */;
			buildSettings = {
				ALWAYS_EMBED_SWIFT_STANDARD_LIBRARIES = YES;
				BUNDLE_LOADER = "$(TEST_HOST)";
				CODE_SIGN_STYLE = Automatic;
				CURRENT_PROJECT_VERSION = 1;
				DEVELOPMENT_TEAM = 5688D74L68;
				GENERATE_INFOPLIST_FILE = YES;
				IPHONEOS_DEPLOYMENT_TARGET = 15.2;
				MARKETING_VERSION = 1.0;
				PRODUCT_BUNDLE_IDENTIFIER = com.rubysapkota.MoHoeMoodsTests;
				PRODUCT_NAME = "$(TARGET_NAME)";
				SWIFT_EMIT_LOC_STRINGS = NO;
				SWIFT_VERSION = 5.0;
				TARGETED_DEVICE_FAMILY = "1,2";
				TEST_HOST = "$(BUILT_PRODUCTS_DIR)/MoHoeMoods.app/MoHoeMoods";
			};
			name = Debug;
		};
		456D22A627EF8978001B94A2 /* Release */ = {
			isa = XCBuildConfiguration;
			baseConfigurationReference = 55CB34FC63A2D0AB69049476 /* Pods-MoHoeMoodsTests.release.xcconfig */;
			buildSettings = {
				ALWAYS_EMBED_SWIFT_STANDARD_LIBRARIES = YES;
				BUNDLE_LOADER = "$(TEST_HOST)";
				CODE_SIGN_STYLE = Automatic;
				CURRENT_PROJECT_VERSION = 1;
				DEVELOPMENT_TEAM = 5688D74L68;
				GENERATE_INFOPLIST_FILE = YES;
				IPHONEOS_DEPLOYMENT_TARGET = 15.2;
				MARKETING_VERSION = 1.0;
				PRODUCT_BUNDLE_IDENTIFIER = com.rubysapkota.MoHoeMoodsTests;
				PRODUCT_NAME = "$(TARGET_NAME)";
				SWIFT_EMIT_LOC_STRINGS = NO;
				SWIFT_VERSION = 5.0;
				TARGETED_DEVICE_FAMILY = "1,2";
				TEST_HOST = "$(BUILT_PRODUCTS_DIR)/MoHoeMoods.app/MoHoeMoods";
			};
			name = Release;
		};
		456D22A827EF8978001B94A2 /* Debug */ = {
			isa = XCBuildConfiguration;
			baseConfigurationReference = 8C5E92D3CA395EE36E9C6359 /* Pods-MoHoeMoods-MoHoeMoodsUITests.debug.xcconfig */;
			buildSettings = {
				ALWAYS_EMBED_SWIFT_STANDARD_LIBRARIES = YES;
				CODE_SIGN_STYLE = Automatic;
				CURRENT_PROJECT_VERSION = 1;
				DEVELOPMENT_TEAM = 5688D74L68;
				GENERATE_INFOPLIST_FILE = YES;
				MARKETING_VERSION = 1.0;
				PRODUCT_BUNDLE_IDENTIFIER = com.rubysapkota.MoHoeMoodsUITests;
				PRODUCT_NAME = "$(TARGET_NAME)";
				SWIFT_EMIT_LOC_STRINGS = NO;
				SWIFT_VERSION = 5.0;
				TARGETED_DEVICE_FAMILY = "1,2";
				TEST_TARGET_NAME = MoHoeMoods;
			};
			name = Debug;
		};
		456D22A927EF8978001B94A2 /* Release */ = {
			isa = XCBuildConfiguration;
			baseConfigurationReference = 6DB5FA3935ACF5AE02649534 /* Pods-MoHoeMoods-MoHoeMoodsUITests.release.xcconfig */;
			buildSettings = {
				ALWAYS_EMBED_SWIFT_STANDARD_LIBRARIES = YES;
				CODE_SIGN_STYLE = Automatic;
				CURRENT_PROJECT_VERSION = 1;
				DEVELOPMENT_TEAM = 5688D74L68;
				GENERATE_INFOPLIST_FILE = YES;
				MARKETING_VERSION = 1.0;
				PRODUCT_BUNDLE_IDENTIFIER = com.rubysapkota.MoHoeMoodsUITests;
				PRODUCT_NAME = "$(TARGET_NAME)";
				SWIFT_EMIT_LOC_STRINGS = NO;
				SWIFT_VERSION = 5.0;
				TARGETED_DEVICE_FAMILY = "1,2";
				TEST_TARGET_NAME = MoHoeMoods;
			};
			name = Release;
		};
/* End XCBuildConfiguration section */

/* Begin XCConfigurationList section */
		456D227227EF8976001B94A2 /* Build configuration list for PBXProject "MoHoeMoods" */ = {
			isa = XCConfigurationList;
			buildConfigurations = (
				456D229F27EF8978001B94A2 /* Debug */,
				456D22A027EF8978001B94A2 /* Release */,
			);
			defaultConfigurationIsVisible = 0;
			defaultConfigurationName = Release;
		};
		456D22A127EF8978001B94A2 /* Build configuration list for PBXNativeTarget "MoHoeMoods" */ = {
			isa = XCConfigurationList;
			buildConfigurations = (
				456D22A227EF8978001B94A2 /* Debug */,
				456D22A327EF8978001B94A2 /* Release */,
			);
			defaultConfigurationIsVisible = 0;
			defaultConfigurationName = Release;
		};
		456D22A427EF8978001B94A2 /* Build configuration list for PBXNativeTarget "MoHoeMoodsTests" */ = {
			isa = XCConfigurationList;
			buildConfigurations = (
				456D22A527EF8978001B94A2 /* Debug */,
				456D22A627EF8978001B94A2 /* Release */,
			);
			defaultConfigurationIsVisible = 0;
			defaultConfigurationName = Release;
		};
		456D22A727EF8978001B94A2 /* Build configuration list for PBXNativeTarget "MoHoeMoodsUITests" */ = {
			isa = XCConfigurationList;
			buildConfigurations = (
				456D22A827EF8978001B94A2 /* Debug */,
				456D22A927EF8978001B94A2 /* Release */,
			);
			defaultConfigurationIsVisible = 0;
			defaultConfigurationName = Release;
		};
/* End XCConfigurationList section */
	};
	rootObject = 456D226F27EF8976001B94A2 /* Project object */;
}
